PODS:
  - AFNetworking (2.5.4):
    - AFNetworking/NSURLConnection (= 2.5.4)
    - AFNetworking/NSURLSession (= 2.5.4)
    - AFNetworking/Reachability (= 2.5.4)
    - AFNetworking/Security (= 2.5.4)
    - AFNetworking/Serialization (= 2.5.4)
    - AFNetworking/UIKit (= 2.5.4)
  - AFNetworking/NSURLConnection (2.5.4):
    - AFNetworking/Reachability
    - AFNetworking/Security
    - AFNetworking/Serialization
  - AFNetworking/NSURLSession (2.5.4):
    - AFNetworking/Reachability
    - AFNetworking/Security
    - AFNetworking/Serialization
  - AFNetworking/Reachability (2.5.4)
  - AFNetworking/Security (2.5.4)
  - AFNetworking/Serialization (2.5.4)
  - AFNetworking/UIKit (2.5.4):
    - AFNetworking/NSURLConnection
    - AFNetworking/NSURLSession
  - DateTools (1.7.0)
  - FMDB (2.6):
    - FMDB/standard (= 2.6)
  - FMDB/standard (2.6)
  - KVNProgress (2.2.4)
  - Masonry (0.6.4)
  - MBProgressHUD (0.9.2)
  - MJRefresh (3.1.0)
  - SDWebImage (3.7.5):
    - SDWebImage/Core (= 3.7.5)
  - SDWebImage/Core (3.7.5)
  - UMengSocial (4.2.5)
  - YYModel (0.9.12)

DEPENDENCIES:
  - AFNetworking (~> 2.5.4)
  - DateTools
  - FMDB
  - KVNProgress
  - Masonry
  - MBProgressHUD
  - MJRefresh
  - SDWebImage
  - UMengSocial
  - YYModel (~> 0.9.12)

SPEC CHECKSUMS:
  AFNetworking: 05edc0ac4c4c8cf57bcf4b84be5b0744b6d8e71e
  DateTools: 53288ee8b905fdc75897a1e6b5cc0144b14cba60
  FMDB: c1968bab3ab0aed38f66cb778ae1e7fa9a652b6e
  KVNProgress: 541edcea5a1fef592aceac8d791a410d38cb499d
  Masonry: 281802d04d787ea2973179ee8bcb50500579ede2
  MBProgressHUD: 1569cf7ace17a8bac47aabfbb8580a49690386d1
  MJRefresh: 743e6404967d1c2c688472ea3ecfde247d872db4
  SDWebImage: 69c6303e3348fba97e03f65d65d4fbc26740f461
  UMengSocial: 76fb557ec9d2749a63dde17c28ab915f4642e52d
  YYModel: 33a27f41a995f4c36ff8178421bac9f221a9c7ea

COCOAPODS: 0.39.0
